
Microsoft Visual Studio Solution File, Format Version 12.00
# Visual Studio Version 17
VisualStudioVersion = 17.6.33815.320
MinimumVisualStudioVersion = 10.0.40219.1
Project("{FAE04EC0-301F-11D3-BF4B-00C04F79EFBC}") = "BorkowskiJakub", "BorkowskiJakub\BorkowskiJakub.csproj", "{2D3ACF12-E54D-4DBF-B675-64F8E8C086AF}"
EndProject
Global
	GlobalSection(SolutionConfigurationPlatforms) = preSolution
		Debug|Any CPU = Debug|Any CPU
		Release|Any CPU = Release|Any CPU
	EndGlobalSection
	GlobalSection(ProjectConfigurationPlatforms) = postSolution
		{2D3ACF12-E54D-4DBF-B675-64F8E8C086AF}.Debug|Any CPU.ActiveCfg = Debug|Any CPU
		{2D3ACF12-E54D-4DBF-B675-64F8E8C086AF}.Debug|Any CPU.Build.0 = Debug|Any CPU
		{2D3ACF12-E54D-4DBF-B675-64F8E8C086AF}.Release|Any CPU.ActiveCfg = Release|Any CPU
		{2D3ACF12-E54D-4DBF-B675-64F8E8C086AF}.Release|Any CPU.Build.0 = Release|Any CPU
	EndGlobalSection
	GlobalSection(SolutionProperties) = preSolution
		HideSolutionNode = FALSE
	EndGlobalSection
	GlobalSection(ExtensibilityGlobals) = postSolution
		SolutionGuid = {BE2DE6C8-B627-4EEA-A082-32B46177383F}
	EndGlobalSection
EndGlobal
